
Microsoft Visual Studio Solution File, Format Version 12.00
# Visual Studio Version 17
VisualStudioVersion = 17.4.33213.308
MinimumVisualStudioVersion = 10.0.40219.1
Project("{FAE04EC0-301F-11D3-BF4B-00C04F79EFBC}") = "PDC03_MODULE03.Android", "PDC03_MODULE03\PDC03_MODULE03.Android\PDC03_MODULE03.Android.csproj", "{D11A22DD-DBE5-4B64-9B3F-8B5B45D3E8E5}"
EndProject
Project("{FAE04EC0-301F-11D3-BF4B-00C04F79EFBC}") = "PDC03_MODULE03", "PDC03_MODULE03\PDC03_MODULE03\PDC03_MODULE03.csproj", "{8B462CF2-609C-47F4-8E44-8A61465E1742}"
EndProject
Global
	GlobalSection(SolutionConfigurationPlatforms) = preSolution
		Debug|Any CPU = Debug|Any CPU
		Release|Any CPU = Release|Any CPU
	EndGlobalSection
	GlobalSection(ProjectConfigurationPlatforms) = postSolution
		{D11A22DD-DBE5-4B64-9B3F-8B5B45D3E8E5}.Debug|Any CPU.ActiveCfg = Debug|Any CPU
		{D11A22DD-DBE5-4B64-9B3F-8B5B45D3E8E5}.Debug|Any CPU.Build.0 = Debug|Any CPU
		{D11A22DD-DBE5-4B64-9B3F-8B5B45D3E8E5}.Debug|Any CPU.Deploy.0 = Debug|Any CPU
		{D11A22DD-DBE5-4B64-9B3F-8B5B45D3E8E5}.Release|Any CPU.ActiveCfg = Release|Any CPU
		{D11A22DD-DBE5-4B64-9B3F-8B5B45D3E8E5}.Release|Any CPU.Build.0 = Release|Any CPU
		{D11A22DD-DBE5-4B64-9B3F-8B5B45D3E8E5}.Release|Any CPU.Deploy.0 = Release|Any CPU
		{8B462CF2-609C-47F4-8E44-8A61465E1742}.Debug|Any CPU.ActiveCfg = Debug|Any CPU
		{8B462CF2-609C-47F4-8E44-8A61465E1742}.Debug|Any CPU.Build.0 = Debug|Any CPU
		{8B462CF2-609C-47F4-8E44-8A61465E1742}.Debug|Any CPU.Deploy.0 = Debug|Any CPU
		{8B462CF2-609C-47F4-8E44-8A61465E1742}.Release|Any CPU.ActiveCfg = Release|Any CPU
		{8B462CF2-609C-47F4-8E44-8A61465E1742}.Release|Any CPU.Build.0 = Release|Any CPU
		{8B462CF2-609C-47F4-8E44-8A61465E1742}.Release|Any CPU.Deploy.0 = Release|Any CPU
	EndGlobalSection
	GlobalSection(SolutionProperties) = preSolution
		HideSolutionNode = FALSE
	EndGlobalSection
	GlobalSection(ExtensibilityGlobals) = postSolution
		SolutionGuid = {7643691F-B0B5-4576-BD44-8855F4A73CE0}
	EndGlobalSection
EndGlobal
